{
  "originHash" : "61eb1afb6b513a68a6631a395b55395db46b26dd3a773a1a4059d59515a364dd",
  "pins" : [
    {
      "identity" : "frida-swift",
      "kind" : "remoteSourceControl",
      "location" : "https://github.com/frida/frida-swift",
      "state" : {
        "branch" : "main",
        "revision" : "432ab2826a9419ac9d9707e9058ec273f9dc3928"
      }
    },
    {
      "identity" : "gir2swift",
      "kind" : "remoteSourceControl",
      "location" : "https://github.com/frida/gir2swift.git",
      "state" : {
        "branch" : "development",
        "revision" : "c87b2b548d548b71e5c84b8dbcedb24e58ae051d"
      }
    },
    {
      "identity" : "grdb.swift",
      "kind" : "remoteSourceControl",
      "location" : "https://github.com/groue/GRDB.swift",
      "state" : {
        "revision" : "36e30a6f1ef10e4194f6af0cff90888526f0c115",
        "version" : "7.10.0"
      }
    },
    {
      "identity" : "swift-argument-parser",
      "kind" : "remoteSourceControl",
      "location" : "https://github.com/apple/swift-argument-parser",
      "state" : {
        "revision" : "626b5b7b2f45e1b0b1c6f4a309296d1d21d7311b",
        "version" : "1.7.1"
      }
    },
    {
      "identity" : "swift-asn1",
      "kind" : "remoteSourceControl",
      "location" : "https://github.com/apple/swift-asn1.git",
      "state" : {
        "revision" : "eb50cbd14606a9161cbc5d452f18797c90ef0bab",
        "version" : "1.7.0"
      }
    },
    {
      "identity" : "swift-crypto",
      "kind" : "remoteSourceControl",
      "location" : "https://github.com/apple/swift-crypto",
      "state" : {
        "revision" : "95ba0316a9b733e92bb6b071255ff46263bbe7dc",
        "version" : "3.15.1"
      }
    },
    {
      "identity" : "swiftadw",
      "kind" : "remoteSourceControl",
      "location" : "https://github.com/frida/SwiftAdw.git",
      "state" : {
        "branch" : "development",
        "revision" : "d0477ba26b32620f65281949a93031e5e159e8b2"
      }
    },
    {
      "identity" : "swiftatk",
      "kind" : "remoteSourceControl",
      "location" : "https://github.com/frida/SwiftAtk.git",
      "state" : {
        "branch" : "development",
        "revision" : "2764a6bc5003a9693b8a8ff3dfb4c66bb62b2696"
      }
    },
    {
      "identity" : "swiftcairo",
      "kind" : "remoteSourceControl",
      "location" : "https://github.com/frida/SwiftCairo.git",
      "state" : {
        "branch" : "development",
        "revision" : "c08bf5bf4a0a87159dd90e75b11e9c4b582ada3b"
      }
    },
    {
      "identity" : "swiftgdk",
      "kind" : "remoteSourceControl",
      "location" : "https://github.com/frida/SwiftGdk.git",
      "state" : {
        "branch" : "gtk4-development",
        "revision" : "f20519ffefd28720b845fc214e9ea9094b080c1d"
      }
    },
    {
      "identity" : "swiftgdkpixbuf",
      "kind" : "remoteSourceControl",
      "location" : "https://github.com/frida/SwiftGdkPixbuf.git",
      "state" : {
        "branch" : "development",
        "revision" : "cdd8087ebc4f4dfd542f2e1a43e4be214710c9e3"
      }
    },
    {
      "identity" : "swiftgio",
      "kind" : "remoteSourceControl",
      "location" : "https://github.com/frida/SwiftGIO.git",
      "state" : {
        "branch" : "development",
        "revision" : "7955d7cffcf929c6525ec39d200efd4bd0a1d390"
      }
    },
    {
      "identity" : "swiftglib",
      "kind" : "remoteSourceControl",
      "location" : "https://github.com/frida/SwiftGLib.git",
      "state" : {
        "branch" : "development",
        "revision" : "0c317ade2870a02bb06ece6348557deb2b71e226"
      }
    },
    {
      "identity" : "swiftgmodule",
      "kind" : "remoteSourceControl",
      "location" : "https://github.com/frida/SwiftGModule.git",
      "state" : {
        "branch" : "development",
        "revision" : "bc69b920ab1848927efe3b3afd6ccef669f23fca"
      }
    },
    {
      "identity" : "swiftgobject",
      "kind" : "remoteSourceControl",
      "location" : "https://github.com/frida/SwiftGObject.git",
      "state" : {
        "branch" : "development",
        "revision" : "e9e3563dec0ce12b942ee7e009dbdde6eb69702d"
      }
    },
    {
      "identity" : "swiftgraphene",
      "kind" : "remoteSourceControl",
      "location" : "https://github.com/frida/SwiftGraphene.git",
      "state" : {
        "branch" : "development",
        "revision" : "44e816cec75102f9defbefe553430ce14bc4ac28"
      }
    },
    {
      "identity" : "swiftgsk",
      "kind" : "remoteSourceControl",
      "location" : "https://github.com/frida/SwiftGsk.git",
      "state" : {
        "branch" : "development",
        "revision" : "168860a4124806ea2dfafb9fd9477ff83af88aaa"
      }
    },
    {
      "identity" : "swiftgtk",
      "kind" : "remoteSourceControl",
      "location" : "https://github.com/frida/SwiftGtk.git",
      "state" : {
        "branch" : "gtk4-development",
        "revision" : "09e9ec996485f825718514dcbd8256c8bd90576e"
      }
    },
    {
      "identity" : "swiftharfbuzz",
      "kind" : "remoteSourceControl",
      "location" : "https://github.com/frida/SwiftHarfBuzz.git",
      "state" : {
        "branch" : "development",
        "revision" : "52194d416071535a70c8d1a11d5f9dd0b8a0e4c2"
      }
    },
    {
      "identity" : "swiftlibxml",
      "kind" : "remoteSourceControl",
      "location" : "https://github.com/frida/SwiftLibXML.git",
      "state" : {
        "branch" : "main",
        "revision" : "bf42585f43b95e2e9a2d7b0957c1697e2f54b332"
      }
    },
    {
      "identity" : "swiftpango",
      "kind" : "remoteSourceControl",
      "location" : "https://github.com/frida/SwiftPango.git",
      "state" : {
        "branch" : "development",
        "revision" : "86f79d726f9a65711f05a7d90afbb552f1d54e68"
      }
    },
    {
      "identity" : "swiftpangocairo",
      "kind" : "remoteSourceControl",
      "location" : "https://github.com/frida/SwiftPangoCairo.git",
      "state" : {
        "branch" : "development",
        "revision" : "0e18a547afbe16274b3d27d526b4b1f373b04f04"
      }
    },
    {
      "identity" : "swiftymonaco",
      "kind" : "remoteSourceControl",
      "location" : "https://github.com/frida/SwiftyMonaco.git",
      "state" : {
        "branch" : "main",
        "revision" : "01543b94abaa5dacd40e8685992e22c96f4ec145"
      }
    },
    {
      "identity" : "swiftyr2",
      "kind" : "remoteSourceControl",
      "location" : "https://github.com/radareorg/SwiftyR2",
      "state" : {
        "branch" : "main",
        "revision" : "f8a41bbb8e2fa277f0d4326664c68cc9b2e9c7b9"
      }
    },
    {
      "identity" : "yams",
      "kind" : "remoteSourceControl",
      "location" : "https://github.com/jpsim/Yams.git",
      "state" : {
        "revision" : "9ff1cc9327586db4e0c8f46f064b6a82ec1566fa",
        "version" : "4.0.6"
      }
    }
  ],
  "version" : 3
}
