{
  "originHash" : "ad049f15500378a0a573f0c21a7478257493d085c3d58ab5df3cef37d1f5ed6d",
  "pins" : [
    {
      "identity" : "frida-swift",
      "kind" : "remoteSourceControl",
      "location" : "https://github.com/frida/frida-swift",
      "state" : {
        "branch" : "main",
        "revision" : "573c65dbf269eac32c09a5d97a20a1d48d671eee"
      }
    },
    {
      "identity" : "grdb.swift",
      "kind" : "remoteSourceControl",
      "location" : "https://github.com/groue/GRDB.swift",
      "state" : {
        "revision" : "36e30a6f1ef10e4194f6af0cff90888526f0c115",
        "version" : "7.10.0"
      }
    },
    {
      "identity" : "sparkle",
      "kind" : "remoteSourceControl",
      "location" : "https://github.com/sparkle-project/Sparkle",
      "state" : {
        "revision" : "066e75a8b3e99962685d6a90cdd5293ebffd9261",
        "version" : "2.9.1"
      }
    },
    {
      "identity" : "swift-asn1",
      "kind" : "remoteSourceControl",
      "location" : "https://github.com/apple/swift-asn1.git",
      "state" : {
        "revision" : "eb50cbd14606a9161cbc5d452f18797c90ef0bab",
        "version" : "1.7.0"
      }
    },
    {
      "identity" : "swift-crypto",
      "kind" : "remoteSourceControl",
      "location" : "https://github.com/apple/swift-crypto",
      "state" : {
        "revision" : "95ba0316a9b733e92bb6b071255ff46263bbe7dc",
        "version" : "3.15.1"
      }
    },
    {
      "identity" : "swiftymonaco",
      "kind" : "remoteSourceControl",
      "location" : "https://github.com/frida/SwiftyMonaco",
      "state" : {
        "branch" : "main",
        "revision" : "b4907bb40723b7abf50f7520d6b1a05e340f936b"
      }
    },
    {
      "identity" : "swiftyr2",
      "kind" : "remoteSourceControl",
      "location" : "https://github.com/radareorg/SwiftyR2",
      "state" : {
        "branch" : "main",
        "revision" : "2b13fd5f4337c74b3c2888e324e3eb3fd262874c"
      }
    }
  ],
  "version" : 3
}
